
Microsoft Visual Studio Solution File, Format Version 12.00
# Visual Studio 15
VisualStudioVersion = 15.0.28307.852
MinimumVisualStudioVersion = 10.0.40219.1
Project("{FAE04EC0-301F-11D3-BF4B-00C04F79EFBC}") = "WebPTest", "WebPTest\WebPTest.csproj", "{38700B2B-939E-439F-A975-E6FA91703BDB}"
EndProject
Global
	GlobalSection(SolutionConfigurationPlatforms) = preSolution
		Debug|Any CPU = Debug|Any CPU
		Debug|x86 = Debug|x86
		Release|Any CPU = Release|Any CPU
		Release|x86 = Release|x86
	EndGlobalSection
	GlobalSection(ProjectConfigurationPlatforms) = postSolution
		{38700B2B-939E-439F-A975-E6FA91703BDB}.Debug|Any CPU.ActiveCfg = Debug|Any CPU
		{38700B2B-939E-439F-A975-E6FA91703BDB}.Debug|Any CPU.Build.0 = Debug|Any CPU
		{38700B2B-939E-439F-A975-E6FA91703BDB}.Debug|x86.ActiveCfg = Debug|x86
		{38700B2B-939E-439F-A975-E6FA91703BDB}.Debug|x86.Build.0 = Debug|x86
		{38700B2B-939E-439F-A975-E6FA91703BDB}.Release|Any CPU.ActiveCfg = Release|Any CPU
		{38700B2B-939E-439F-A975-E6FA91703BDB}.Release|Any CPU.Build.0 = Release|Any CPU
		{38700B2B-939E-439F-A975-E6FA91703BDB}.Release|x86.ActiveCfg = Release|x86
		{38700B2B-939E-439F-A975-E6FA91703BDB}.Release|x86.Build.0 = Release|x86
	EndGlobalSection
	GlobalSection(SolutionProperties) = preSolution
		HideSolutionNode = FALSE
	EndGlobalSection
	GlobalSection(ExtensibilityGlobals) = postSolution
		SolutionGuid = {7BC2E19C-309E-4FD2-AD7A-8DB0B02759C6}
	EndGlobalSection
EndGlobal
